
Microsoft Visual Studio Solution File, Format Version 12.00
# Visual Studio 15
VisualStudioVersion = 15.0.28307.779
MinimumVisualStudioVersion = 10.0.40219.1
Project("{FAE04EC0-301F-11D3-BF4B-00C04F79EFBC}") = "FirstCoreApp", "FirstCoreApp\FirstCoreApp.csproj", "{74B33B78-528A-40A0-9555-B06AE66509E3}"
EndProject
Global
	GlobalSection(SolutionConfigurationPlatforms) = preSolution
		Debug|Any CPU = Debug|Any CPU
		Release|Any CPU = Release|Any CPU
	EndGlobalSection
	GlobalSection(ProjectConfigurationPlatforms) = postSolution
		{74B33B78-528A-40A0-9555-B06AE66509E3}.Debug|Any CPU.ActiveCfg = Debug|Any CPU
		{74B33B78-528A-40A0-9555-B06AE66509E3}.Debug|Any CPU.Build.0 = Debug|Any CPU
		{74B33B78-528A-40A0-9555-B06AE66509E3}.Release|Any CPU.ActiveCfg = Release|Any CPU
		{74B33B78-528A-40A0-9555-B06AE66509E3}.Release|Any CPU.Build.0 = Release|Any CPU
	EndGlobalSection
	GlobalSection(SolutionProperties) = preSolution
		HideSolutionNode = FALSE
	EndGlobalSection
	GlobalSection(ExtensibilityGlobals) = postSolution
		SolutionGuid = {53529142-ACD8-46CC-8183-0F42E2B0072F}
	EndGlobalSection
EndGlobal
